
Microsoft Visual Studio Solution File, Format Version 12.00
# Visual Studio Version 18
VisualStudioVersion = 18.1.11304.174
MinimumVisualStudioVersion = 10.0.40219.1
Project("{9A19103F-16F7-4668-BE54-9A1E7A4F7556}") = "EasePass", "EasePass\EasePass.csproj", "{425C083C-3351-4DFC-B5ED-8274E78F1103}"
EndProject
Project("{FAE04EC0-301F-11D3-BF4B-00C04F79EFBC}") = "EasePassExtensibility", "EasePassExtensibility\EasePassExtensibility.csproj", "{0CF3BD54-DAFA-480C-82A9-D2F2F9FF477C}"
EndProject
Project("{FAE04EC0-301F-11D3-BF4B-00C04F79EFBC}") = "EasePass.Tests", "EasePass.Tests\EasePass.Tests.csproj", "{DB1819D6-A048-4E4D-93F1-C37678A239B8}"
EndProject
Project("{FAE04EC0-301F-11D3-BF4B-00C04F79EFBC}") = "EasePass.AvaloniaUI", "EasePass.AvaloniaUI\EasePass.AvaloniaUI\EasePass.AvaloniaUI.csproj", "{039D2679-4ED6-4CA2-BFF7-79148B7F3D22}"
EndProject
Project("{FAE04EC0-301F-11D3-BF4B-00C04F79EFBC}") = "EasePass.AvaloniaUI.Android", "EasePass.AvaloniaUI\EasePass.AvaloniaUI.Android\EasePass.AvaloniaUI.Android.csproj", "{476B40BB-A201-43B3-8A1E-427FAFEF7863}"
EndProject
Project("{FAE04EC0-301F-11D3-BF4B-00C04F79EFBC}") = "EasePass.AvaloniaUI.Desktop", "EasePass.AvaloniaUI\EasePass.AvaloniaUI.Desktop\EasePass.AvaloniaUI.Desktop.csproj", "{4539103E-8743-44AB-932F-5933AE6521E8}"
EndProject
Project("{FAE04EC0-301F-11D3-BF4B-00C04F79EFBC}") = "EasePass.AvaloniaUI.iOS", "EasePass.AvaloniaUI\EasePass.AvaloniaUI.iOS\EasePass.AvaloniaUI.iOS.csproj", "{B26EF979-1BD9-4A2A-9B89-EF43E9787F60}"
EndProject
Project("{FAE04EC0-301F-11D3-BF4B-00C04F79EFBC}") = "EasePass.AvaloniaUI.Browser", "EasePass.AvaloniaUI\EasePass.AvaloniaUI.Browser\EasePass.AvaloniaUI.Browser.csproj", "{DC066742-2EDB-4415-8473-137CCC945BAA}"
EndProject
Global
	GlobalSection(SolutionConfigurationPlatforms) = preSolution
		Debug|Any CPU = Debug|Any CPU
		Debug|ARM64 = Debug|ARM64
		Debug|x64 = Debug|x64
		Debug|x86 = Debug|x86
		Release|Any CPU = Release|Any CPU
		Release|ARM64 = Release|ARM64
		Release|x64 = Release|x64
		Release|x86 = Release|x86
	EndGlobalSection
	GlobalSection(ProjectConfigurationPlatforms) = postSolution
		{425C083C-3351-4DFC-B5ED-8274E78F1103}.Debug|Any CPU.ActiveCfg = Debug|x64
		{425C083C-3351-4DFC-B5ED-8274E78F1103}.Debug|Any CPU.Build.0 = Debug|x64
		{425C083C-3351-4DFC-B5ED-8274E78F1103}.Debug|Any CPU.Deploy.0 = Debug|x64
		{425C083C-3351-4DFC-B5ED-8274E78F1103}.Debug|ARM64.ActiveCfg = Debug|ARM64
		{425C083C-3351-4DFC-B5ED-8274E78F1103}.Debug|ARM64.Build.0 = Debug|ARM64
		{425C083C-3351-4DFC-B5ED-8274E78F1103}.Debug|ARM64.Deploy.0 = Debug|ARM64
		{425C083C-3351-4DFC-B5ED-8274E78F1103}.Debug|x64.ActiveCfg = Debug|x64
		{425C083C-3351-4DFC-B5ED-8274E78F1103}.Debug|x64.Build.0 = Debug|x64
		{425C083C-3351-4DFC-B5ED-8274E78F1103}.Debug|x64.Deploy.0 = Debug|x64
		{425C083C-3351-4DFC-B5ED-8274E78F1103}.Debug|x86.ActiveCfg = Debug|x86
		{425C083C-3351-4DFC-B5ED-8274E78F1103}.Debug|x86.Build.0 = Debug|x86
		{425C083C-3351-4DFC-B5ED-8274E78F1103}.Debug|x86.Deploy.0 = Debug|x86
		{425C083C-3351-4DFC-B5ED-8274E78F1103}.Release|Any CPU.ActiveCfg = Release|x64
		{425C083C-3351-4DFC-B5ED-8274E78F1103}.Release|Any CPU.Build.0 = Release|x64
		{425C083C-3351-4DFC-B5ED-8274E78F1103}.Release|Any CPU.Deploy.0 = Release|x64
		{425C083C-3351-4DFC-B5ED-8274E78F1103}.Release|ARM64.ActiveCfg = Release|ARM64
		{425C083C-3351-4DFC-B5ED-8274E78F1103}.Release|ARM64.Build.0 = Release|ARM64
		{425C083C-3351-4DFC-B5ED-8274E78F1103}.Release|ARM64.Deploy.0 = Release|ARM64
		{425C083C-3351-4DFC-B5ED-8274E78F1103}.Release|x64.ActiveCfg = Release|x64
		{425C083C-3351-4DFC-B5ED-8274E78F1103}.Release|x64.Build.0 = Release|x64
		{425C083C-3351-4DFC-B5ED-8274E78F1103}.Release|x64.Deploy.0 = Release|x64
		{425C083C-3351-4DFC-B5ED-8274E78F1103}.Release|x86.ActiveCfg = Release|x86
		{425C083C-3351-4DFC-B5ED-8274E78F1103}.Release|x86.Build.0 = Release|x86
		{425C083C-3351-4DFC-B5ED-8274E78F1103}.Release|x86.Deploy.0 = Release|x86
		{0CF3BD54-DAFA-480C-82A9-D2F2F9FF477C}.Debug|Any CPU.ActiveCfg = Debug|Any CPU
		{0CF3BD54-DAFA-480C-82A9-D2F2F9FF477C}.Debug|Any CPU.Build.0 = Debug|Any CPU
		{0CF3BD54-DAFA-480C-82A9-D2F2F9FF477C}.Debug|ARM64.ActiveCfg = Debug|Any CPU
		{0CF3BD54-DAFA-480C-82A9-D2F2F9FF477C}.Debug|ARM64.Build.0 = Debug|Any CPU
		{0CF3BD54-DAFA-480C-82A9-D2F2F9FF477C}.Debug|x64.ActiveCfg = Debug|Any CPU
		{0CF3BD54-DAFA-480C-82A9-D2F2F9FF477C}.Debug|x64.Build.0 = Debug|Any CPU
		{0CF3BD54-DAFA-480C-82A9-D2F2F9FF477C}.Debug|x86.ActiveCfg = Debug|Any CPU
		{0CF3BD54-DAFA-480C-82A9-D2F2F9FF477C}.Debug|x86.Build.0 = Debug|Any CPU
		{0CF3BD54-DAFA-480C-82A9-D2F2F9FF477C}.Release|Any CPU.ActiveCfg = Release|Any CPU
		{0CF3BD54-DAFA-480C-82A9-D2F2F9FF477C}.Release|Any CPU.Build.0 = Release|Any CPU
		{0CF3BD54-DAFA-480C-82A9-D2F2F9FF477C}.Release|ARM64.ActiveCfg = Release|Any CPU
		{0CF3BD54-DAFA-480C-82A9-D2F2F9FF477C}.Release|ARM64.Build.0 = Release|Any CPU
		{0CF3BD54-DAFA-480C-82A9-D2F2F9FF477C}.Release|x64.ActiveCfg = Release|Any CPU
		{0CF3BD54-DAFA-480C-82A9-D2F2F9FF477C}.Release|x64.Build.0 = Release|Any CPU
		{0CF3BD54-DAFA-480C-82A9-D2F2F9FF477C}.Release|x86.ActiveCfg = Release|Any CPU
		{0CF3BD54-DAFA-480C-82A9-D2F2F9FF477C}.Release|x86.Build.0 = Release|Any CPU
		{DB1819D6-A048-4E4D-93F1-C37678A239B8}.Debug|Any CPU.ActiveCfg = Debug|x64
		{DB1819D6-A048-4E4D-93F1-C37678A239B8}.Debug|Any CPU.Build.0 = Debug|x64
		{DB1819D6-A048-4E4D-93F1-C37678A239B8}.Debug|Any CPU.Deploy.0 = Debug|x64
		{DB1819D6-A048-4E4D-93F1-C37678A239B8}.Debug|ARM64.ActiveCfg = Debug|ARM64
		{DB1819D6-A048-4E4D-93F1-C37678A239B8}.Debug|ARM64.Build.0 = Debug|ARM64
		{DB1819D6-A048-4E4D-93F1-C37678A239B8}.Debug|ARM64.Deploy.0 = Debug|ARM64
		{DB1819D6-A048-4E4D-93F1-C37678A239B8}.Debug|x64.ActiveCfg = Debug|x64
		{DB1819D6-A048-4E4D-93F1-C37678A239B8}.Debug|x64.Build.0 = Debug|x64
		{DB1819D6-A048-4E4D-93F1-C37678A239B8}.Debug|x64.Deploy.0 = Debug|x64
		{DB1819D6-A048-4E4D-93F1-C37678A239B8}.Debug|x86.ActiveCfg = Debug|x86
		{DB1819D6-A048-4E4D-93F1-C37678A239B8}.Debug|x86.Build.0 = Debug|x86
		{DB1819D6-A048-4E4D-93F1-C37678A239B8}.Debug|x86.Deploy.0 = Debug|x86
		{DB1819D6-A048-4E4D-93F1-C37678A239B8}.Release|Any CPU.ActiveCfg = Release|x64
		{DB1819D6-A048-4E4D-93F1-C37678A239B8}.Release|Any CPU.Build.0 = Release|x64
		{DB1819D6-A048-4E4D-93F1-C37678A239B8}.Release|Any CPU.Deploy.0 = Release|x64
		{DB1819D6-A048-4E4D-93F1-C37678A239B8}.Release|ARM64.ActiveCfg = Release|ARM64
		{DB1819D6-A048-4E4D-93F1-C37678A239B8}.Release|ARM64.Build.0 = Release|ARM64
		{DB1819D6-A048-4E4D-93F1-C37678A239B8}.Release|ARM64.Deploy.0 = Release|ARM64
		{DB1819D6-A048-4E4D-93F1-C37678A239B8}.Release|x64.ActiveCfg = Release|x64
		{DB1819D6-A048-4E4D-93F1-C37678A239B8}.Release|x64.Build.0 = Release|x64
		{DB1819D6-A048-4E4D-93F1-C37678A239B8}.Release|x64.Deploy.0 = Release|x64
		{DB1819D6-A048-4E4D-93F1-C37678A239B8}.Release|x86.ActiveCfg = Release|x86
		{DB1819D6-A048-4E4D-93F1-C37678A239B8}.Release|x86.Build.0 = Release|x86
		{DB1819D6-A048-4E4D-93F1-C37678A239B8}.Release|x86.Deploy.0 = Release|x86
		{039D2679-4ED6-4CA2-BFF7-79148B7F3D22}.Debug|Any CPU.ActiveCfg = Debug|Any CPU
		{039D2679-4ED6-4CA2-BFF7-79148B7F3D22}.Debug|Any CPU.Build.0 = Debug|Any CPU
		{039D2679-4ED6-4CA2-BFF7-79148B7F3D22}.Debug|ARM64.ActiveCfg = Debug|Any CPU
		{039D2679-4ED6-4CA2-BFF7-79148B7F3D22}.Debug|ARM64.Build.0 = Debug|Any CPU
		{039D2679-4ED6-4CA2-BFF7-79148B7F3D22}.Debug|x64.ActiveCfg = Debug|Any CPU
		{039D2679-4ED6-4CA2-BFF7-79148B7F3D22}.Debug|x64.Build.0 = Debug|Any CPU
		{039D2679-4ED6-4CA2-BFF7-79148B7F3D22}.Debug|x86.ActiveCfg = Debug|Any CPU
		{039D2679-4ED6-4CA2-BFF7-79148B7F3D22}.Debug|x86.Build.0 = Debug|Any CPU
		{039D2679-4ED6-4CA2-BFF7-79148B7F3D22}.Release|Any CPU.ActiveCfg = Release|Any CPU
		{039D2679-4ED6-4CA2-BFF7-79148B7F3D22}.Release|Any CPU.Build.0 = Release|Any CPU
		{039D2679-4ED6-4CA2-BFF7-79148B7F3D22}.Release|ARM64.ActiveCfg = Release|Any CPU
		{039D2679-4ED6-4CA2-BFF7-79148B7F3D22}.Release|ARM64.Build.0 = Release|Any CPU
		{039D2679-4ED6-4CA2-BFF7-79148B7F3D22}.Release|x64.ActiveCfg = Release|Any CPU
		{039D2679-4ED6-4CA2-BFF7-79148B7F3D22}.Release|x64.Build.0 = Release|Any CPU
		{039D2679-4ED6-4CA2-BFF7-79148B7F3D22}.Release|x86.ActiveCfg = Release|Any CPU
		{039D2679-4ED6-4CA2-BFF7-79148B7F3D22}.Release|x86.Build.0 = Release|Any CPU
		{476B40BB-A201-43B3-8A1E-427FAFEF7863}.Debug|Any CPU.ActiveCfg = Debug|Any CPU
		{476B40BB-A201-43B3-8A1E-427FAFEF7863}.Debug|Any CPU.Build.0 = Debug|Any CPU
		{476B40BB-A201-43B3-8A1E-427FAFEF7863}.Debug|ARM64.ActiveCfg = Debug|Any CPU
		{476B40BB-A201-43B3-8A1E-427FAFEF7863}.Debug|ARM64.Build.0 = Debug|Any CPU
		{476B40BB-A201-43B3-8A1E-427FAFEF7863}.Debug|x64.ActiveCfg = Debug|Any CPU
		{476B40BB-A201-43B3-8A1E-427FAFEF7863}.Debug|x64.Build.0 = Debug|Any CPU
		{476B40BB-A201-43B3-8A1E-427FAFEF7863}.Debug|x86.ActiveCfg = Debug|Any CPU
		{476B40BB-A201-43B3-8A1E-427FAFEF7863}.Debug|x86.Build.0 = Debug|Any CPU
		{476B40BB-A201-43B3-8A1E-427FAFEF7863}.Release|Any CPU.ActiveCfg = Release|Any CPU
		{476B40BB-A201-43B3-8A1E-427FAFEF7863}.Release|Any CPU.Build.0 = Release|Any CPU
		{476B40BB-A201-43B3-8A1E-427FAFEF7863}.Release|ARM64.ActiveCfg = Release|Any CPU
		{476B40BB-A201-43B3-8A1E-427FAFEF7863}.Release|ARM64.Build.0 = Release|Any CPU
		{476B40BB-A201-43B3-8A1E-427FAFEF7863}.Release|x64.ActiveCfg = Release|Any CPU
		{476B40BB-A201-43B3-8A1E-427FAFEF7863}.Release|x64.Build.0 = Release|Any CPU
		{476B40BB-A201-43B3-8A1E-427FAFEF7863}.Release|x86.ActiveCfg = Release|Any CPU
		{476B40BB-A201-43B3-8A1E-427FAFEF7863}.Release|x86.Build.0 = Release|Any CPU
		{4539103E-8743-44AB-932F-5933AE6521E8}.Debug|Any CPU.ActiveCfg = Debug|Any CPU
		{4539103E-8743-44AB-932F-5933AE6521E8}.Debug|Any CPU.Build.0 = Debug|Any CPU
		{4539103E-8743-44AB-932F-5933AE6521E8}.Debug|ARM64.ActiveCfg = Debug|Any CPU
		{4539103E-8743-44AB-932F-5933AE6521E8}.Debug|ARM64.Build.0 = Debug|Any CPU
		{4539103E-8743-44AB-932F-5933AE6521E8}.Debug|x64.ActiveCfg = Debug|Any CPU
		{4539103E-8743-44AB-932F-5933AE6521E8}.Debug|x64.Build.0 = Debug|Any CPU
		{4539103E-8743-44AB-932F-5933AE6521E8}.Debug|x86.ActiveCfg = Debug|Any CPU
		{4539103E-8743-44AB-932F-5933AE6521E8}.Debug|x86.Build.0 = Debug|Any CPU
		{4539103E-8743-44AB-932F-5933AE6521E8}.Release|Any CPU.ActiveCfg = Release|Any CPU
		{4539103E-8743-44AB-932F-5933AE6521E8}.Release|Any CPU.Build.0 = Release|Any CPU
		{4539103E-8743-44AB-932F-5933AE6521E8}.Release|ARM64.ActiveCfg = Release|Any CPU
		{4539103E-8743-44AB-932F-5933AE6521E8}.Release|ARM64.Build.0 = Release|Any CPU
		{4539103E-8743-44AB-932F-5933AE6521E8}.Release|x64.ActiveCfg = Release|Any CPU
		{4539103E-8743-44AB-932F-5933AE6521E8}.Release|x64.Build.0 = Release|Any CPU
		{4539103E-8743-44AB-932F-5933AE6521E8}.Release|x86.ActiveCfg = Release|Any CPU
		{4539103E-8743-44AB-932F-5933AE6521E8}.Release|x86.Build.0 = Release|Any CPU
		{B26EF979-1BD9-4A2A-9B89-EF43E9787F60}.Debug|Any CPU.ActiveCfg = Debug|Any CPU
		{B26EF979-1BD9-4A2A-9B89-EF43E9787F60}.Debug|Any CPU.Build.0 = Debug|Any CPU
		{B26EF979-1BD9-4A2A-9B89-EF43E9787F60}.Debug|ARM64.ActiveCfg = Debug|Any CPU
		{B26EF979-1BD9-4A2A-9B89-EF43E9787F60}.Debug|ARM64.Build.0 = Debug|Any CPU
		{B26EF979-1BD9-4A2A-9B89-EF43E9787F60}.Debug|x64.ActiveCfg = Debug|Any CPU
		{B26EF979-1BD9-4A2A-9B89-EF43E9787F60}.Debug|x64.Build.0 = Debug|Any CPU
		{B26EF979-1BD9-4A2A-9B89-EF43E9787F60}.Debug|x86.ActiveCfg = Debug|Any CPU
		{B26EF979-1BD9-4A2A-9B89-EF43E9787F60}.Debug|x86.Build.0 = Debug|Any CPU
		{B26EF979-1BD9-4A2A-9B89-EF43E9787F60}.Release|Any CPU.ActiveCfg = Release|Any CPU
		{B26EF979-1BD9-4A2A-9B89-EF43E9787F60}.Release|Any CPU.Build.0 = Release|Any CPU
		{B26EF979-1BD9-4A2A-9B89-EF43E9787F60}.Release|ARM64.ActiveCfg = Release|Any CPU
		{B26EF979-1BD9-4A2A-9B89-EF43E9787F60}.Release|ARM64.Build.0 = Release|Any CPU
		{B26EF979-1BD9-4A2A-9B89-EF43E9787F60}.Release|x64.ActiveCfg = Release|Any CPU
		{B26EF979-1BD9-4A2A-9B89-EF43E9787F60}.Release|x64.Build.0 = Release|Any CPU
		{B26EF979-1BD9-4A2A-9B89-EF43E9787F60}.Release|x86.ActiveCfg = Release|Any CPU
		{B26EF979-1BD9-4A2A-9B89-EF43E9787F60}.Release|x86.Build.0 = Release|Any CPU
		{DC066742-2EDB-4415-8473-137CCC945BAA}.Debug|Any CPU.ActiveCfg = Debug|Any CPU
		{DC066742-2EDB-4415-8473-137CCC945BAA}.Debug|Any CPU.Build.0 = Debug|Any CPU
		{DC066742-2EDB-4415-8473-137CCC945BAA}.Debug|ARM64.ActiveCfg = Debug|Any CPU
		{DC066742-2EDB-4415-8473-137CCC945BAA}.Debug|ARM64.Build.0 = Debug|Any CPU
		{DC066742-2EDB-4415-8473-137CCC945BAA}.Debug|x64.ActiveCfg = Debug|Any CPU
		{DC066742-2EDB-4415-8473-137CCC945BAA}.Debug|x64.Build.0 = Debug|Any CPU
		{DC066742-2EDB-4415-8473-137CCC945BAA}.Debug|x86.ActiveCfg = Debug|Any CPU
		{DC066742-2EDB-4415-8473-137CCC945BAA}.Debug|x86.Build.0 = Debug|Any CPU
		{DC066742-2EDB-4415-8473-137CCC945BAA}.Release|Any CPU.ActiveCfg = Release|Any CPU
		{DC066742-2EDB-4415-8473-137CCC945BAA}.Release|Any CPU.Build.0 = Release|Any CPU
		{DC066742-2EDB-4415-8473-137CCC945BAA}.Release|ARM64.ActiveCfg = Release|Any CPU
		{DC066742-2EDB-4415-8473-137CCC945BAA}.Release|ARM64.Build.0 = Release|Any CPU
		{DC066742-2EDB-4415-8473-137CCC945BAA}.Release|x64.ActiveCfg = Release|Any CPU
		{DC066742-2EDB-4415-8473-137CCC945BAA}.Release|x64.Build.0 = Release|Any CPU
		{DC066742-2EDB-4415-8473-137CCC945BAA}.Release|x86.ActiveCfg = Release|Any CPU
		{DC066742-2EDB-4415-8473-137CCC945BAA}.Release|x86.Build.0 = Release|Any CPU
	EndGlobalSection
	GlobalSection(SolutionProperties) = preSolution
		HideSolutionNode = FALSE
	EndGlobalSection
	GlobalSection(ExtensibilityGlobals) = postSolution
		SolutionGuid = {369E8C85-36AB-470E-8125-78BECBD8AA39}
	EndGlobalSection
EndGlobal
